// !$*UTF8*$!
{
	archiveVersion = 1;
	classes = {
	};
	objectVersion = 56;
	objects = {

/* Begin PBXBuildFile section */
		5946394D2AE6F9FD0070A02D /* README.md in Resources */ = {isa = PBXBuildFile; fileRef = 5946394C2AE6F9FD0070A02D /* README.md */; };
		5946394F2AE6FA0A0070A02D /* Constants.swift in Sources */ = {isa = PBXBuildFile; fileRef = 5946394E2AE6FA0A0070A02D /* Constants.swift */; };
		594639552AE6FA5F0070A02D /* SDKModel.swift in Sources */ = {isa = PBXBuildFile; fileRef = 594639542AE6FA5F0070A02D /* SDKModel.swift */; };
		59608E142AE6E51900291EF7 /* AppDelegate.swift in Sources */ = {isa = PBXBuildFile; fileRef = 59608E132AE6E51900291EF7 /* AppDelegate.swift */; };
		59608E182AE6E51900291EF7 /* ViewController.swift in Sources */ = {isa = PBXBuildFile; fileRef = 59608E172AE6E51900291EF7 /* ViewController.swift */; };
		59608E1B2AE6E51900291EF7 /* Main.storyboard in Resources */ = {isa = PBXBuildFile; fileRef = 59608E192AE6E51900291EF7 /* Main.storyboard */; };
		59608E1D2AE6E51A00291EF7 /* Assets.xcassets in Resources */ = {isa = PBXBuildFile; fileRef = 59608E1C2AE6E51A00291EF7 /* Assets.xcassets */; };
		59608E202AE6E51A00291EF7 /* LaunchScreen.storyboard in Resources */ = {isa = PBXBuildFile; fileRef = 59608E1E2AE6E51A00291EF7 /* LaunchScreen.storyboard */; };
		837A868661091D79412B8E97 /* Pods_megamil_sdk_answer_sample.framework in Frameworks */ = {isa = PBXBuildFile; fileRef = BBBB97FCD2210F4836D2E7CD /* Pods_megamil_sdk_answer_sample.framework */; };
/* End PBXBuildFile section */

/* Begin PBXFileReference section */
		030E10E5D63DAC0781F5A2EF /* Pods-megamil_sdk_answer_sample.release.xcconfig */ = {isa = PBXFileReference; includeInIndex = 1; lastKnownFileType = text.xcconfig; name = "Pods-megamil_sdk_answer_sample.release.xcconfig"; path = "Target Support Files/Pods-megamil_sdk_answer_sample/Pods-megamil_sdk_answer_sample.release.xcconfig"; sourceTree = "<group>"; };
		5946394C2AE6F9FD0070A02D /* README.md */ = {isa = PBXFileReference; fileEncoding = 4; lastKnownFileType = net.daringfireball.markdown; path = README.md; sourceTree = "<group>"; };
		5946394E2AE6FA0A0070A02D /* Constants.swift */ = {isa = PBXFileReference; fileEncoding = 4; lastKnownFileType = sourcecode.swift; path = Constants.swift; sourceTree = "<group>"; };
		594639542AE6FA5F0070A02D /* SDKModel.swift */ = {isa = PBXFileReference; fileEncoding = 4; lastKnownFileType = sourcecode.swift; path = SDKModel.swift; sourceTree = "<group>"; };
		59608E102AE6E51900291EF7 /* megamil_sdk_answer_sample.app */ = {isa = PBXFileReference; explicitFileType = wrapper.application; includeInIndex = 0; path = megamil_sdk_answer_sample.app; sourceTree = BUILT_PRODUCTS_DIR; };
		59608E132AE6E51900291EF7 /* AppDelegate.swift */ = {isa = PBXFileReference; lastKnownFileType = sourcecode.swift; path = AppDelegate.swift; sourceTree = "<group>"; };
		59608E172AE6E51900291EF7 /* ViewController.swift */ = {isa = PBXFileReference; lastKnownFileType = sourcecode.swift; path = ViewController.swift; sourceTree = "<group>"; };
		59608E1A2AE6E51900291EF7 /* Base */ = {isa = PBXFileReference; lastKnownFileType = file.storyboard; name = Base; path = Base.lproj/Main.storyboard; sourceTree = "<group>"; };
		59608E1C2AE6E51A00291EF7 /* Assets.xcassets */ = {isa = PBXFileReference; lastKnownFileType = folder.assetcatalog; path = Assets.xcassets; sourceTree = "<group>"; };
		59608E1F2AE6E51A00291EF7 /* Base */ = {isa = PBXFileReference; lastKnownFileType = file.storyboard; name = Base; path = Base.lproj/LaunchScreen.storyboard; sourceTree = "<group>"; };
		59608E212AE6E51A00291EF7 /* Info.plist */ = {isa = PBXFileReference; lastKnownFileType = text.plist.xml; path = Info.plist; sourceTree = "<group>"; };
		6881DC5B5328C10582AB93AE /* Pods-megamil_sdk_answer_sample.debug.xcconfig */ = {isa = PBXFileReference; includeInIndex = 1; lastKnownFileType = text.xcconfig; name = "Pods-megamil_sdk_answer_sample.debug.xcconfig"; path = "Target Support Files/Pods-megamil_sdk_answer_sample/Pods-megamil_sdk_answer_sample.debug.xcconfig"; sourceTree = "<group>"; };
		BBBB97FCD2210F4836D2E7CD /* Pods_megamil_sdk_answer_sample.framework */ = {isa = PBXFileReference; explicitFileType = wrapper.framework; includeInIndex = 0; path = Pods_megamil_sdk_answer_sample.framework; sourceTree = BUILT_PRODUCTS_DIR; };
/* End PBXFileReference section */

/* Begin PBXFrameworksBuildPhase section */
		59608E0D2AE6E51900291EF7 /* Frameworks */ = {
			isa = PBXFrameworksBuildPhase;
			buildActionMask = 2147483647;
			files = (
				837A868661091D79412B8E97 /* Pods_megamil_sdk_answer_sample.framework in Frameworks */,
			);
			runOnlyForDeploymentPostprocessing = 0;
		};
/* End PBXFrameworksBuildPhase section */

/* Begin PBXGroup section */
		0CC2DA183D8900C79B7E3D46 /* Pods */ = {
			isa = PBXGroup;
			children = (
				6881DC5B5328C10582AB93AE /* Pods-megamil_sdk_answer_sample.debug.xcconfig */,
				030E10E5D63DAC0781F5A2EF /* Pods-megamil_sdk_answer_sample.release.xcconfig */,
			);
			path = Pods;
			sourceTree = "<group>";
		};
		59608E072AE6E51900291EF7 = {
			isa = PBXGroup;
			children = (
				59608E122AE6E51900291EF7 /* megamil_sdk_answer_sample */,
				5946394C2AE6F9FD0070A02D /* README.md */,
				59608E112AE6E51900291EF7 /* Products */,
				0CC2DA183D8900C79B7E3D46 /* Pods */,
				C2CE1C732E072B2EBBDCD46C /* Frameworks */,
			);
			sourceTree = "<group>";
		};
		59608E112AE6E51900291EF7 /* Products */ = {
			isa = PBXGroup;
			children = (
				59608E102AE6E51900291EF7 /* megamil_sdk_answer_sample.app */,
			);
			name = Products;
			sourceTree = "<group>";
		};
		59608E122AE6E51900291EF7 /* megamil_sdk_answer_sample */ = {
			isa = PBXGroup;
			children = (
				594639542AE6FA5F0070A02D /* SDKModel.swift */,
				5946394E2AE6FA0A0070A02D /* Constants.swift */,
				59608E132AE6E51900291EF7 /* AppDelegate.swift */,
				59608E172AE6E51900291EF7 /* ViewController.swift */,
				59608E192AE6E51900291EF7 /* Main.storyboard */,
				59608E1C2AE6E51A00291EF7 /* Assets.xcassets */,
				59608E1E2AE6E51A00291EF7 /* LaunchScreen.storyboard */,
				59608E212AE6E51A00291EF7 /* Info.plist */,
			);
			path = megamil_sdk_answer_sample;
			sourceTree = "<group>";
		};
		C2CE1C732E072B2EBBDCD46C /* Frameworks */ = {
			isa = PBXGroup;
			children = (
				BBBB97FCD2210F4836D2E7CD /* Pods_megamil_sdk_answer_sample.framework */,
			);
			name = Frameworks;
			sourceTree = "<group>";
		};
/* End PBXGroup section */

/* Begin PBXNativeTarget section */
		59608E0F2AE6E51900291EF7 /* megamil_sdk_answer_sample */ = {
			isa = PBXNativeTarget;
			buildConfigurationList = 59608E242AE6E51A00291EF7 /* Build configuration list for PBXNativeTarget "megamil_sdk_answer_sample" */;
			buildPhases = (
				0C6DB2DA686BB91925076AEA /* [CP] Check Pods Manifest.lock */,
				59608E0C2AE6E51900291EF7 /* Sources */,
				59608E0D2AE6E51900291EF7 /* Frameworks */,
				59608E0E2AE6E51900291EF7 /* Resources */,
				293B429D36AACE661BEE0FE9 /* [CP] Embed Pods Frameworks */,
			);
			buildRules = (
			);
			dependencies = (
			);
			name = megamil_sdk_answer_sample;
			productName = megamil_sdk_answer_sample;
			productReference = 59608E102AE6E51900291EF7 /* megamil_sdk_answer_sample.app */;
			productType = "com.apple.product-type.application";
		};
/* End PBXNativeTarget section */

/* Begin PBXProject section */
		59608E082AE6E51900291EF7 /* Project object */ = {
			isa = PBXProject;
			attributes = {
				BuildIndependentTargetsInParallel = 1;
				LastSwiftUpdateCheck = 1500;
				LastUpgradeCheck = 1500;
				TargetAttributes = {
					59608E0F2AE6E51900291EF7 = {
						CreatedOnToolsVersion = 15.0.1;
					};
				};
			};
			buildConfigurationList = 59608E0B2AE6E51900291EF7 /* Build configuration list for PBXProject "megamil_sdk_answer_sample" */;
			compatibilityVersion = "Xcode 14.0";
			developmentRegion = en;
			hasScannedForEncodings = 0;
			knownRegions = (
				en,
				Base,
			);
			mainGroup = 59608E072AE6E51900291EF7;
			productRefGroup = 59608E112AE6E51900291EF7 /* Products */;
			projectDirPath = "";
			projectRoot = "";
			targets = (
				59608E0F2AE6E51900291EF7 /* megamil_sdk_answer_sample */,
			);
		};
/* End PBXProject section */

/* Begin PBXResourcesBuildPhase section */
		59608E0E2AE6E51900291EF7 /* Resources */ = {
			isa = PBXResourcesBuildPhase;
			buildActionMask = 2147483647;
			files = (
				59608E202AE6E51A00291EF7 /* LaunchScreen.storyboard in Resources */,
				59608E1D2AE6E51A00291EF7 /* Assets.xcassets in Resources */,
				5946394D2AE6F9FD0070A02D /* README.md in Resources */,
				59608E1B2AE6E51900291EF7 /* Main.storyboard in Resources */,
			);
			runOnlyForDeploymentPostprocessing = 0;
		};
/* End PBXResourcesBuildPhase section */

/* Begin PBXShellScriptBuildPhase section */
		0C6DB2DA686BB91925076AEA /* [CP] Check Pods Manifest.lock */ = {
			isa = PBXShellScriptBuildPhase;
			buildActionMask = 2147483647;
			files = (
			);
			inputFileListPaths = (
			);
			inputPaths = (
				"${PODS_PODFILE_DIR_PATH}/Podfile.lock",
				"${PODS_ROOT}/Manifest.lock",
			);
			name = "[CP] Check Pods Manifest.lock";
			outputFileListPaths = (
			);
			outputPaths = (
				"$(DERIVED_FILE_DIR)/Pods-megamil_sdk_answer_sample-checkManifestLockResult.txt",
			);
			runOnlyForDeploymentPostprocessing = 0;
			shellPath = /bin/sh;
			shellScript = "diff \"${PODS_PODFILE_DIR_PATH}/Podfile.lock\" \"${PODS_ROOT}/Manifest.lock\" > /dev/null\nif [ $? != 0 ] ; then\n    # print error to STDERR\n    echo \"error: The sandbox is not in sync with the Podfile.lock. Run 'pod install' or update your CocoaPods installation.\" >&2\n    exit 1\nfi\n# This output is used by Xcode 'outputs' to avoid re-running this script phase.\necho \"SUCCESS\" > \"${SCRIPT_OUTPUT_FILE_0}\"\n";
			showEnvVarsInLog = 0;
		};
		293B429D36AACE661BEE0FE9 /* [CP] Embed Pods Frameworks */ = {
			isa = PBXShellScriptBuildPhase;
			buildActionMask = 2147483647;
			files = (
			);
			inputFileListPaths = (
				"${PODS_ROOT}/Target Support Files/Pods-megamil_sdk_answer_sample/Pods-megamil_sdk_answer_sample-frameworks-${CONFIGURATION}-input-files.xcfilelist",
			);
			name = "[CP] Embed Pods Frameworks";
			outputFileListPaths = (
				"${PODS_ROOT}/Target Support Files/Pods-megamil_sdk_answer_sample/Pods-megamil_sdk_answer_sample-frameworks-${CONFIGURATION}-output-files.xcfilelist",
			);
			runOnlyForDeploymentPostprocessing = 0;
			shellPath = /bin/sh;
			shellScript = "\"${PODS_ROOT}/Target Support Files/Pods-megamil_sdk_answer_sample/Pods-megamil_sdk_answer_sample-frameworks.sh\"\n";
			showEnvVarsInLog = 0;
		};
/* End PBXShellScriptBuildPhase section */

/* Begin PBXSourcesBuildPhase section */
		59608E0C2AE6E51900291EF7 /* Sources */ = {
			isa = PBXSourcesBuildPhase;
			buildActionMask = 2147483647;
			files = (
				594639552AE6FA5F0070A02D /* SDKModel.swift in Sources */,
				59608E182AE6E51900291EF7 /* ViewController.swift in Sources */,
				59608E142AE6E51900291EF7 /* AppDelegate.swift in Sources */,
				5946394F2AE6FA0A0070A02D /* Constants.swift in Sources */,
			);
			runOnlyForDeploymentPostprocessing = 0;
		};
/* End PBXSourcesBuildPhase section */

/* Begin PBXVariantGroup section */
		59608E192AE6E51900291EF7 /* Main.storyboard */ = {
			isa = PBXVariantGroup;
			children = (
				59608E1A2AE6E51900291EF7 /* Base */,
			);
			name = Main.storyboard;
			sourceTree = "<group>";
		};
		59608E1E2AE6E51A00291EF7 /* LaunchScreen.storyboard */ = {
			isa = PBXVariantGroup;
			children = (
				59608E1F2AE6E51A00291EF7 /* Base */,
			);
			name = LaunchScreen.storyboard;
			sourceTree = "<group>";
		};
/* End PBXVariantGroup section */

/* Begin XCBuildConfiguration section */
		59608E222AE6E51A00291EF7 /* Debug */ = {
			isa = XCBuildConfiguration;
			buildSettings = {
				ALWAYS_SEARCH_USER_PATHS = NO;
				ASSETCATALOG_COMPILER_GENERATE_SWIFT_ASSET_SYMBOL_EXTENSIONS = YES;
				CLANG_ANALYZER_NONNULL = YES;
				CLANG_ANALYZER_NUMBER_OBJECT_CONVERSION = YES_AGGRESSIVE;
				CLANG_CXX_LANGUAGE_STANDARD = "gnu++20";
				CLANG_ENABLE_MODULES = YES;
				CLANG_ENABLE_OBJC_ARC = YES;
				CLANG_ENABLE_OBJC_WEAK = YES;
				CLANG_WARN_BLOCK_CAPTURE_AUTORELEASING = YES;
				CLANG_WARN_BOOL_CONVERSION = YES;
				CLANG_WARN_COMMA = YES;
				CLANG_WARN_CONSTANT_CONVERSION = YES;
				CLANG_WARN_DEPRECATED_OBJC_IMPLEMENTATIONS = YES;
				CLANG_WARN_DIRECT_OBJC_ISA_USAGE = YES_ERROR;
				CLANG_WARN_DOCUMENTATION_COMMENTS = YES;
				CLANG_WARN_EMPTY_BODY = YES;
				CLANG_WARN_ENUM_CONVERSION = YES;
				CLANG_WARN_INFINITE_RECURSION = YES;
				CLANG_WARN_INT_CONVERSION = YES;
				CLANG_WARN_NON_LITERAL_NULL_CONVERSION = YES;
				CLANG_WARN_OBJC_IMPLICIT_RETAIN_SELF = YES;
				CLANG_WARN_OBJC_LITERAL_CONVERSION = YES;
				CLANG_WARN_OBJC_ROOT_CLASS = YES_ERROR;
				CLANG_WARN_QUOTED_INCLUDE_IN_FRAMEWORK_HEADER = YES;
				CLANG_WARN_RANGE_LOOP_ANALYSIS = YES;
				CLANG_WARN_STRICT_PROTOTYPES = YES;
				CLANG_WARN_SUSPICIOUS_MOVE = YES;
				CLANG_WARN_UNGUARDED_AVAILABILITY = YES_AGGRESSIVE;
				CLANG_WARN_UNREACHABLE_CODE = YES;
				CLANG_WARN__DUPLICATE_METHOD_MATCH = YES;
				COPY_PHASE_STRIP = NO;
				DEBUG_INFORMATION_FORMAT = dwarf;
				ENABLE_STRICT_OBJC_MSGSEND = YES;
				ENABLE_TESTABILITY = YES;
				ENABLE_USER_SCRIPT_SANDBOXING = YES;
				GCC_C_LANGUAGE_STANDARD = gnu17;
				GCC_DYNAMIC_NO_PIC = NO;
				GCC_NO_COMMON_BLOCKS = YES;
				GCC_OPTIMIZATION_LEVEL = 0;
				GCC_PREPROCESSOR_DEFINITIONS = (
					"DEBUG=1",
					"$(inherited)",
				);
				GCC_WARN_64_TO_32_BIT_CONVERSION = YES;
				GCC_WARN_ABOUT_RETURN_TYPE = YES_ERROR;
				GCC_WARN_UNDECLARED_SELECTOR = YES;
				GCC_WARN_UNINITIALIZED_AUTOS = YES_AGGRESSIVE;
				GCC_WARN_UNUSED_FUNCTION = YES;
				GCC_WARN_UNUSED_VARIABLE = YES;
				IPHONEOS_DEPLOYMENT_TARGET = 17.0;
				LOCALIZATION_PREFERS_STRING_CATALOGS = YES;
				MTL_ENABLE_DEBUG_INFO = INCLUDE_SOURCE;
				MTL_FAST_MATH = YES;
				ONLY_ACTIVE_ARCH = YES;
				SDKROOT = iphoneos;
				SWIFT_ACTIVE_COMPILATION_CONDITIONS = "DEBUG $(inherited)";
				SWIFT_OPTIMIZATION_LEVEL = "-Onone";
			};
			name = Debug;
		};
		59608E232AE6E51A00291EF7 /* Release */ = {
			isa = XCBuildConfiguration;
			buildSettings = {
				ALWAYS_SEARCH_USER_PATHS = NO;
				ASSETCATALOG_COMPILER_GENERATE_SWIFT_ASSET_SYMBOL_EXTENSIONS = YES;
				CLANG_ANALYZER_NONNULL = YES;
				CLANG_ANALYZER_NUMBER_OBJECT_CONVERSION = YES_AGGRESSIVE;
				CLANG_CXX_LANGUAGE_STANDARD = "gnu++20";
				CLANG_ENABLE_MODULES = YES;
				CLANG_ENABLE_OBJC_ARC = YES;
				CLANG_ENABLE_OBJC_WEAK = YES;
				CLANG_WARN_BLOCK_CAPTURE_AUTORELEASING = YES;
				CLANG_WARN_BOOL_CONVERSION = YES;
				CLANG_WARN_COMMA = YES;
				CLANG_WARN_CONSTANT_CONVERSION = YES;
				CLANG_WARN_DEPRECATED_OBJC_IMPLEMENTATIONS = YES;
				CLANG_WARN_DIRECT_OBJC_ISA_USAGE = YES_ERROR;
				CLANG_WARN_DOCUMENTATION_COMMENTS = YES;
				CLANG_WARN_EMPTY_BODY = YES;
				CLANG_WARN_ENUM_CONVERSION = YES;
				CLANG_WARN_INFINITE_RECURSION = YES;
				CLANG_WARN_INT_CONVERSION = YES;
				CLANG_WARN_NON_LITERAL_NULL_CONVERSION = YES;
				CLANG_WARN_OBJC_IMPLICIT_RETAIN_SELF = YES;
				CLANG_WARN_OBJC_LITERAL_CONVERSION = YES;
				CLANG_WARN_OBJC_ROOT_CLASS = YES_ERROR;
				CLANG_WARN_QUOTED_INCLUDE_IN_FRAMEWORK_HEADER = YES;
				CLANG_WARN_RANGE_LOOP_ANALYSIS = YES;
				CLANG_WARN_STRICT_PROTOTYPES = YES;
				CLANG_WARN_SUSPICIOUS_MOVE = YES;
				CLANG_WARN_UNGUARDED_AVAILABILITY = YES_AGGRESSIVE;
				CLANG_WARN_UNREACHABLE_CODE = YES;
				CLANG_WARN__DUPLICATE_METHOD_MATCH = YES;
				COPY_PHASE_STRIP = NO;
				DEBUG_INFORMATION_FORMAT = "dwarf-with-dsym";
				ENABLE_NS_ASSERTIONS = NO;
				ENABLE_STRICT_OBJC_MSGSEND = YES;
				ENABLE_USER_SCRIPT_SANDBOXING = YES;
				GCC_C_LANGUAGE_STANDARD = gnu17;
				GCC_NO_COMMON_BLOCKS = YES;
				GCC_WARN_64_TO_32_BIT_CONVERSION = YES;
				GCC_WARN_ABOUT_RETURN_TYPE = YES_ERROR;
				GCC_WARN_UNDECLARED_SELECTOR = YES;
				GCC_WARN_UNINITIALIZED_AUTOS = YES_AGGRESSIVE;
				GCC_WARN_UNUSED_FUNCTION = YES;
				GCC_WARN_UNUSED_VARIABLE = YES;
				IPHONEOS_DEPLOYMENT_TARGET = 17.0;
				LOCALIZATION_PREFERS_STRING_CATALOGS = YES;
				MTL_ENABLE_DEBUG_INFO = NO;
				MTL_FAST_MATH = YES;
				SDKROOT = iphoneos;
				SWIFT_COMPILATION_MODE = wholemodule;
				VALIDATE_PRODUCT = YES;
			};
			name = Release;
		};
		59608E252AE6E51A00291EF7 /* Debug */ = {
			isa = XCBuildConfiguration;
			baseConfigurationReference = 6881DC5B5328C10582AB93AE /* Pods-megamil_sdk_answer_sample.debug.xcconfig */;
			buildSettings = {
				ASSETCATALOG_COMPILER_APPICON_NAME = AppIcon;
				ASSETCATALOG_COMPILER_GLOBAL_ACCENT_COLOR_NAME = AccentColor;
				CODE_SIGN_STYLE = Automatic;
				CURRENT_PROJECT_VERSION = 1;
				DEVELOPMENT_TEAM = S8T5Q694LC;
				ENABLE_USER_SCRIPT_SANDBOXING = NO;
				GENERATE_INFOPLIST_FILE = YES;
				INFOPLIST_FILE = megamil_sdk_answer_sample/Info.plist;
				INFOPLIST_KEY_UIApplicationSupportsIndirectInputEvents = YES;
				INFOPLIST_KEY_UILaunchStoryboardName = LaunchScreen.storyboard;
				INFOPLIST_KEY_UIMainStoryboardFile = Main;
				INFOPLIST_KEY_UISupportedInterfaceOrientations_iPad = "UIInterfaceOrientationPortrait UIInterfaceOrientationPortraitUpsideDown UIInterfaceOrientationLandscapeLeft UIInterfaceOrientationLandscapeRight";
				INFOPLIST_KEY_UISupportedInterfaceOrientations_iPhone = "UIInterfaceOrientationPortrait UIInterfaceOrientationLandscapeLeft UIInterfaceOrientationLandscapeRight";
				IPHONEOS_DEPLOYMENT_TARGET = 13.0;
				LD_RUNPATH_SEARCH_PATHS = (
					"$(inherited)",
					"@executable_path/Frameworks",
				);
				MARKETING_VERSION = 1.0;
				PRODUCT_BUNDLE_IDENTIFIER = "br.com.megamil.megamil-sdk-answer-sample";
				PRODUCT_NAME = "$(TARGET_NAME)";
				SWIFT_EMIT_LOC_STRINGS = YES;
				SWIFT_VERSION = 5.0;
				TARGETED_DEVICE_FAMILY = "1,2";
			};
			name = Debug;
		};
		59608E262AE6E51A00291EF7 /* Release */ = {
			isa = XCBuildConfiguration;
			baseConfigurationReference = 030E10E5D63DAC0781F5A2EF /* Pods-megamil_sdk_answer_sample.release.xcconfig */;
			buildSettings = {
				ASSETCATALOG_COMPILER_APPICON_NAME = AppIcon;
				ASSETCATALOG_COMPILER_GLOBAL_ACCENT_COLOR_NAME = AccentColor;
				CODE_SIGN_STYLE = Automatic;
				CURRENT_PROJECT_VERSION = 1;
				DEVELOPMENT_TEAM = S8T5Q694LC;
				ENABLE_USER_SCRIPT_SANDBOXING = NO;
				GENERATE_INFOPLIST_FILE = YES;
				INFOPLIST_FILE = megamil_sdk_answer_sample/Info.plist;
				INFOPLIST_KEY_UIApplicationSupportsIndirectInputEvents = YES;
				INFOPLIST_KEY_UILaunchStoryboardName = LaunchScreen.storyboard;
				INFOPLIST_KEY_UIMainStoryboardFile = Main;
				INFOPLIST_KEY_UISupportedInterfaceOrientations_iPad = "UIInterfaceOrientationPortrait UIInterfaceOrientationPortraitUpsideDown UIInterfaceOrientationLandscapeLeft UIInterfaceOrientationLandscapeRight";
				INFOPLIST_KEY_UISupportedInterfaceOrientations_iPhone = "UIInterfaceOrientationPortrait UIInterfaceOrientationLandscapeLeft UIInterfaceOrientationLandscapeRight";
				IPHONEOS_DEPLOYMENT_TARGET = 13.0;
				LD_RUNPATH_SEARCH_PATHS = (
					"$(inherited)",
					"@executable_path/Frameworks",
				);
				MARKETING_VERSION = 1.0;
				PRODUCT_BUNDLE_IDENTIFIER = "br.com.megamil.megamil-sdk-answer-sample";
				PRODUCT_NAME = "$(TARGET_NAME)";
				SWIFT_EMIT_LOC_STRINGS = YES;
				SWIFT_VERSION = 5.0;
				TARGETED_DEVICE_FAMILY = "1,2";
			};
			name = Release;
		};
/* End XCBuildConfiguration section */

/* Begin XCConfigurationList section */
		59608E0B2AE6E51900291EF7 /* Build configuration list for PBXProject "megamil_sdk_answer_sample" */ = {
			isa = XCConfigurationList;
			buildConfigurations = (
				59608E222AE6E51A00291EF7 /* Debug */,
				59608E232AE6E51A00291EF7 /* Release */,
			);
			defaultConfigurationIsVisible = 0;
			defaultConfigurationName = Release;
		};
		59608E242AE6E51A00291EF7 /* Build configuration list for PBXNativeTarget "megamil_sdk_answer_sample" */ = {
			isa = XCConfigurationList;
			buildConfigurations = (
				59608E252AE6E51A00291EF7 /* Debug */,
				59608E262AE6E51A00291EF7 /* Release */,
			);
			defaultConfigurationIsVisible = 0;
			defaultConfigurationName = Release;
		};
/* End XCConfigurationList section */
	};
	rootObject = 59608E082AE6E51900291EF7 /* Project object */;
}
